
Microsoft Visual Studio Solution File, Format Version 12.00
# Visual Studio 14
VisualStudioVersion = 14.0.25123.0
MinimumVisualStudioVersion = 10.0.40219.1
Project("{FAE04EC0-301F-11D3-BF4B-00C04F79EFBC}") = "Infected_v2_TEST", "Infected_v2_TEST.csproj", "{58054442-E61A-4AFE-9BF0-E8F74A77F623}"
EndProject
Project("{FAE04EC0-301F-11D3-BF4B-00C04F79EFBC}") = "TEST", "..\TEST\TEST.csproj", "{075FE7D0-A421-4004-9E13-E719403313EF}"
EndProject
Global
	GlobalSection(SolutionConfigurationPlatforms) = preSolution
		Debug|Any CPU = Debug|Any CPU
		Release|Any CPU = Release|Any CPU
	EndGlobalSection
	GlobalSection(ProjectConfigurationPlatforms) = postSolution
		{58054442-E61A-4AFE-9BF0-E8F74A77F623}.Debug|Any CPU.ActiveCfg = Debug|Any CPU
		{58054442-E61A-4AFE-9BF0-E8F74A77F623}.Debug|Any CPU.Build.0 = Debug|Any CPU
		{58054442-E61A-4AFE-9BF0-E8F74A77F623}.Release|Any CPU.ActiveCfg = Release|Any CPU
		{58054442-E61A-4AFE-9BF0-E8F74A77F623}.Release|Any CPU.Build.0 = Release|Any CPU
		{075FE7D0-A421-4004-9E13-E719403313EF}.Debug|Any CPU.ActiveCfg = Debug|Any CPU
		{075FE7D0-A421-4004-9E13-E719403313EF}.Debug|Any CPU.Build.0 = Debug|Any CPU
		{075FE7D0-A421-4004-9E13-E719403313EF}.Release|Any CPU.ActiveCfg = Release|Any CPU
		{075FE7D0-A421-4004-9E13-E719403313EF}.Release|Any CPU.Build.0 = Release|Any CPU
	EndGlobalSection
	GlobalSection(SolutionProperties) = preSolution
		HideSolutionNode = FALSE
	EndGlobalSection
EndGlobal
